<?xml version="1.0" encoding="utf-8"?>
<Project ToolsVersion="4.0" xmlns="http://schemas.microsoft.com/developer/msbuild/2003">
  <ItemGroup>
    <Filter Include="Source Files">
      <UniqueIdentifier>{4FC737F1-C7A5-4376-A066-2A32D752A2FF}</UniqueIdentifier>
      <Extensions>cpp;c;cc;cxx;c++;cppm;ixx;def;odl;idl;hpj;bat;asm;asmx</Extensions>
    </Filter>
    <Filter Include="Header Files">
      <UniqueIdentifier>{93995380-89BD-4b04-88EB-625FBE52EBFB}</UniqueIdentifier>
      <Extensions>h;hh;hpp;hxx;h++;hm;inl;inc;ipp;xsd</Extensions>
    </Filter>
    <Filter Include="Resource Files">
      <UniqueIdentifier>{67DA6AB6-F800-4c08-8B7A-83BB121AAD01}</UniqueIdentifier>
      <Extensions>rc;ico;cur;bmp;dlg;rc2;rct;bin;rgs;gif;jpg;jpeg;jpe;resx;tiff;tif;png;wav;mfcribbon-ms</Extensions>
    </Filter>
  </ItemGroup>
  <ItemGroup>
    <ClCompile Include="game.cpp">
      <Filter>Source Files</Filter>
    </ClCompile>
    <ClCompile Include="Floor.cpp">
      <Filter>Source Files</Filter>
    </ClCompile>
    <ClCompile Include="Player.cpp">
      <Filter>Source Files</Filter>
    </ClCompile>
    <ClCompile Include="Wall.cpp">
      <Filter>Source Files</Filter>
    </ClCompile>
    <ClCompile Include="FloorManager.cpp">
      <Filter>Source Files</Filter>
    </ClCompile>
    <ClCompile Include="dragonfly\Animation.cpp">
      <Filter>Source Files</Filter>
    </ClCompile>
    <ClCompile Include="dragonfly\Box.cpp">
      <Filter>Source Files</Filter>
    </ClCompile>
    <ClCompile Include="dragonfly\Button.cpp">
      <Filter>Source Files</Filter>
    </ClCompile>
    <ClCompile Include="dragonfly\Clock.cpp">
      <Filter>Source Files</Filter>
    </ClCompile>
    <ClCompile Include="dragonfly\DisplayManager.cpp">
      <Filter>Source Files</Filter>
    </ClCompile>
    <ClCompile Include="dragonfly\Event.cpp">
      <Filter>Source Files</Filter>
    </ClCompile>
    <ClCompile Include="dragonfly\EventCollision.cpp">
      <Filter>Source Files</Filter>
    </ClCompile>
    <ClCompile Include="dragonfly\EventKeyboard.cpp">
      <Filter>Source Files</Filter>
    </ClCompile>
    <ClCompile Include="dragonfly\EventMouse.cpp">
      <Filter>Source Files</Filter>
    </ClCompile>
    <ClCompile Include="dragonfly\EventOut.cpp">
      <Filter>Source Files</Filter>
    </ClCompile>
    <ClCompile Include="dragonfly\EventStep.cpp">
      <Filter>Source Files</Filter>
    </ClCompile>
    <ClCompile Include="dragonfly\EventView.cpp">
      <Filter>Source Files</Filter>
    </ClCompile>
    <ClCompile Include="dragonfly\Frame.cpp">
      <Filter>Source Files</Filter>
    </ClCompile>
    <ClCompile Include="dragonfly\GameManager.cpp">
      <Filter>Source Files</Filter>
    </ClCompile>
    <ClCompile Include="dragonfly\InputManager.cpp">
      <Filter>Source Files</Filter>
    </ClCompile>
    <ClCompile Include="dragonfly\LogManager.cpp">
      <Filter>Source Files</Filter>
    </ClCompile>
    <ClCompile Include="dragonfly\Manager.cpp">
      <Filter>Source Files</Filter>
    </ClCompile>
    <ClCompile Include="dragonfly\Music.cpp">
      <Filter>Source Files</Filter>
    </ClCompile>
    <ClCompile Include="dragonfly\Object.cpp">
      <Filter>Source Files</Filter>
    </ClCompile>
    <ClCompile Include="dragonfly\ObjectList.cpp">
      <Filter>Source Files</Filter>
    </ClCompile>
    <ClCompile Include="dragonfly\ObjectListIterator.cpp">
      <Filter>Source Files</Filter>
    </ClCompile>
    <ClCompile Include="dragonfly\ResourceManager.cpp">
      <Filter>Source Files</Filter>
    </ClCompile>
    <ClCompile Include="dragonfly\SceneGraph.cpp">
      <Filter>Source Files</Filter>
    </ClCompile>
    <ClCompile Include="dragonfly\Sound.cpp">
      <Filter>Source Files</Filter>
    </ClCompile>
    <ClCompile Include="dragonfly\Sprite.cpp">
      <Filter>Source Files</Filter>
    </ClCompile>
    <ClCompile Include="dragonfly\TextEntry.cpp">
      <Filter>Source Files</Filter>
    </ClCompile>
    <ClCompile Include="dragonfly\utility.cpp">
      <Filter>Source Files</Filter>
    </ClCompile>
    <ClCompile Include="dragonfly\Vector.cpp">
      <Filter>Source Files</Filter>
    </ClCompile>
    <ClCompile Include="dragonfly\ViewObject.cpp">
      <Filter>Source Files</Filter>
    </ClCompile>
    <ClCompile Include="dragonfly\WorldManager.cpp">
      <Filter>Source Files</Filter>
    </ClCompile>
    <ClCompile Include="Checkpoint.cpp">
      <Filter>Source Files</Filter>
    </ClCompile>
    <ClCompile Include="EnemyBat.cpp">
      <Filter>Source Files</Filter>
    </ClCompile>
    <ClCompile Include="EnemySlime.cpp">
      <Filter>Source Files</Filter>
    </ClCompile>
    <ClCompile Include="EnemyMaster.cpp">
      <Filter>Source Files</Filter>
    </ClCompile>
  </ItemGroup>
  <ItemGroup>
    <ClInclude Include="Floor.h">
      <Filter>Header Files</Filter>
    </ClInclude>
    <ClInclude Include="Player.h">
      <Filter>Header Files</Filter>
    </ClInclude>
    <ClInclude Include="EnemyMaster.h">
      <Filter>Header Files</Filter>
    </ClInclude>
    <ClInclude Include="Wall.h">
      <Filter>Header Files</Filter>
    </ClInclude>
    <ClInclude Include="FloorManager.h">
      <Filter>Header Files</Filter>
    </ClInclude>
    <ClInclude Include="dragonfly\Animation.h">
      <Filter>Header Files</Filter>
    </ClInclude>
    <ClInclude Include="dragonfly\Box.h">
      <Filter>Header Files</Filter>
    </ClInclude>
    <ClInclude Include="dragonfly\Button.h">
      <Filter>Header Files</Filter>
    </ClInclude>
    <ClInclude Include="dragonfly\Clock.h">
      <Filter>Header Files</Filter>
    </ClInclude>
    <ClInclude Include="dragonfly\Color.h">
      <Filter>Header Files</Filter>
    </ClInclude>
    <ClInclude Include="dragonfly\DisplayManager.h">
      <Filter>Header Files</Filter>
    </ClInclude>
    <ClInclude Include="dragonfly\Event.h">
      <Filter>Header Files</Filter>
    </ClInclude>
    <ClInclude Include="dragonfly\EventCollision.h">
      <Filter>Header Files</Filter>
    </ClInclude>
    <ClInclude Include="dragonfly\EventKeyboard.h">
      <Filter>Header Files</Filter>
    </ClInclude>
    <ClInclude Include="dragonfly\EventMouse.h">
      <Filter>Header Files</Filter>
    </ClInclude>
    <ClInclude Include="dragonfly\EventOut.h">
      <Filter>Header Files</Filter>
    </ClInclude>
    <ClInclude Include="dragonfly\EventStep.h">
      <Filter>Header Files</Filter>
    </ClInclude>
    <ClInclude Include="dragonfly\EventView.h">
      <Filter>Header Files</Filter>
    </ClInclude>
    <ClInclude Include="dragonfly\Frame.h">
      <Filter>Header Files</Filter>
    </ClInclude>
    <ClInclude Include="dragonfly\GameManager.h">
      <Filter>Header Files</Filter>
    </ClInclude>
    <ClInclude Include="dragonfly\InputManager.h">
      <Filter>Header Files</Filter>
    </ClInclude>
    <ClInclude Include="dragonfly\LogManager.h">
      <Filter>Header Files</Filter>
    </ClInclude>
    <ClInclude Include="dragonfly\Manager.h">
      <Filter>Header Files</Filter>
    </ClInclude>
    <ClInclude Include="dragonfly\Music.h">
      <Filter>Header Files</Filter>
    </ClInclude>
    <ClInclude Include="dragonfly\Object.h">
      <Filter>Header Files</Filter>
    </ClInclude>
    <ClInclude Include="dragonfly\ObjectList.h">
      <Filter>Header Files</Filter>
    </ClInclude>
    <ClInclude Include="dragonfly\ObjectListIterator.h">
      <Filter>Header Files</Filter>
    </ClInclude>
    <ClInclude Include="dragonfly\ResourceManager.h">
      <Filter>Header Files</Filter>
    </ClInclude>
    <ClInclude Include="dragonfly\SceneGraph.h">
      <Filter>Header Files</Filter>
    </ClInclude>
    <ClInclude Include="dragonfly\Sound.h">
      <Filter>Header Files</Filter>
    </ClInclude>
    <ClInclude Include="dragonfly\Sprite.h">
      <Filter>Header Files</Filter>
    </ClInclude>
    <ClInclude Include="dragonfly\TextEntry.h">
      <Filter>Header Files</Filter>
    </ClInclude>
    <ClInclude Include="dragonfly\utility.h">
      <Filter>Header Files</Filter>
    </ClInclude>
    <ClInclude Include="dragonfly\Vector.h">
      <Filter>Header Files</Filter>
    </ClInclude>
    <ClInclude Include="dragonfly\ViewObject.h">
      <Filter>Header Files</Filter>
    </ClInclude>
    <ClInclude Include="dragonfly\WorldManager.h">
      <Filter>Header Files</Filter>
    </ClInclude>
    <ClInclude Include="Checkpoint.h">
      <Filter>Header Files</Filter>
    </ClInclude>
    <ClInclude Include="EnemyBat.h">
      <Filter>Header Files</Filter>
    </ClInclude>
    <ClInclude Include="EnemySlime.h">
      <Filter>Header Files</Filter>
    </ClInclude>
  </ItemGroup>
</Project>